
Microsoft Visual Studio Solution File, Format Version 12.00
# Visual Studio Version 16
VisualStudioVersion = 16.0.30011.22
MinimumVisualStudioVersion = 10.0.40219.1
Project("{FAE04EC0-301F-11D3-BF4B-00C04F79EFBC}") = "Tuble_csharp", "Tuble_csharp\Tuble_csharp.csproj", "{2999FD65-18EC-422A-AAB5-D48A35880ABB}"
EndProject
Global
	GlobalSection(SolutionConfigurationPlatforms) = preSolution
		Debug|Any CPU = Debug|Any CPU
		Release|Any CPU = Release|Any CPU
	EndGlobalSection
	GlobalSection(ProjectConfigurationPlatforms) = postSolution
		{2999FD65-18EC-422A-AAB5-D48A35880ABB}.Debug|Any CPU.ActiveCfg = Debug|Any CPU
		{2999FD65-18EC-422A-AAB5-D48A35880ABB}.Debug|Any CPU.Build.0 = Debug|Any CPU
		{2999FD65-18EC-422A-AAB5-D48A35880ABB}.Release|Any CPU.ActiveCfg = Release|Any CPU
		{2999FD65-18EC-422A-AAB5-D48A35880ABB}.Release|Any CPU.Build.0 = Release|Any CPU
	EndGlobalSection
	GlobalSection(SolutionProperties) = preSolution
		HideSolutionNode = FALSE
	EndGlobalSection
	GlobalSection(ExtensibilityGlobals) = postSolution
		SolutionGuid = {7F6D2253-4D94-4309-9C25-AF85392FF310}
	EndGlobalSection
EndGlobal
