
Microsoft Visual Studio Solution File, Format Version 12.00
# Visual Studio Version 16
VisualStudioVersion = 16.0.30011.22
MinimumVisualStudioVersion = 10.0.40219.1
Project("{FAE04EC0-301F-11D3-BF4B-00C04F79EFBC}") = "Stack_Csharp", "Stack_Csharp\Stack_Csharp.csproj", "{1BDB1EE8-2EE1-4B2A-AE4B-995B127672B6}"
EndProject
Global
	GlobalSection(SolutionConfigurationPlatforms) = preSolution
		Debug|Any CPU = Debug|Any CPU
		Release|Any CPU = Release|Any CPU
	EndGlobalSection
	GlobalSection(ProjectConfigurationPlatforms) = postSolution
		{1BDB1EE8-2EE1-4B2A-AE4B-995B127672B6}.Debug|Any CPU.ActiveCfg = Debug|Any CPU
		{1BDB1EE8-2EE1-4B2A-AE4B-995B127672B6}.Debug|Any CPU.Build.0 = Debug|Any CPU
		{1BDB1EE8-2EE1-4B2A-AE4B-995B127672B6}.Release|Any CPU.ActiveCfg = Release|Any CPU
		{1BDB1EE8-2EE1-4B2A-AE4B-995B127672B6}.Release|Any CPU.Build.0 = Release|Any CPU
	EndGlobalSection
	GlobalSection(SolutionProperties) = preSolution
		HideSolutionNode = FALSE
	EndGlobalSection
	GlobalSection(ExtensibilityGlobals) = postSolution
		SolutionGuid = {2BE7B1B7-9AF4-44A8-AE8B-66703B014D0D}
	EndGlobalSection
EndGlobal
