
Microsoft Visual Studio Solution File, Format Version 12.00
# Visual Studio 15
VisualStudioVersion = 15.0.28307.329
MinimumVisualStudioVersion = 10.0.40219.1
Project("{FAE04EC0-301F-11D3-BF4B-00C04F79EFBC}") = "Plus_Minus", "Plus_Minus\Plus_Minus.csproj", "{D727E296-5BE2-4ED3-AD78-D8E0C16FDD21}"
EndProject
Global
	GlobalSection(SolutionConfigurationPlatforms) = preSolution
		Debug|Any CPU = Debug|Any CPU
		Release|Any CPU = Release|Any CPU
	EndGlobalSection
	GlobalSection(ProjectConfigurationPlatforms) = postSolution
		{D727E296-5BE2-4ED3-AD78-D8E0C16FDD21}.Debug|Any CPU.ActiveCfg = Debug|Any CPU
		{D727E296-5BE2-4ED3-AD78-D8E0C16FDD21}.Debug|Any CPU.Build.0 = Debug|Any CPU
		{D727E296-5BE2-4ED3-AD78-D8E0C16FDD21}.Release|Any CPU.ActiveCfg = Release|Any CPU
		{D727E296-5BE2-4ED3-AD78-D8E0C16FDD21}.Release|Any CPU.Build.0 = Release|Any CPU
	EndGlobalSection
	GlobalSection(SolutionProperties) = preSolution
		HideSolutionNode = FALSE
	EndGlobalSection
	GlobalSection(ExtensibilityGlobals) = postSolution
		SolutionGuid = {850F8562-FDDB-4ED7-8580-249DE8B95257}
	EndGlobalSection
EndGlobal
