
Microsoft Visual Studio Solution File, Format Version 12.00
# Visual Studio 15
VisualStudioVersion = 15.0.28307.329
MinimumVisualStudioVersion = 10.0.40219.1
Project("{FAE04EC0-301F-11D3-BF4B-00C04F79EFBC}") = "calculator", "calculator\calculator.csproj", "{7757D184-0991-4552-B476-903F98438BAC}"
EndProject
Global
	GlobalSection(SolutionConfigurationPlatforms) = preSolution
		Debug|Any CPU = Debug|Any CPU
		Release|Any CPU = Release|Any CPU
	EndGlobalSection
	GlobalSection(ProjectConfigurationPlatforms) = postSolution
		{7757D184-0991-4552-B476-903F98438BAC}.Debug|Any CPU.ActiveCfg = Debug|Any CPU
		{7757D184-0991-4552-B476-903F98438BAC}.Debug|Any CPU.Build.0 = Debug|Any CPU
		{7757D184-0991-4552-B476-903F98438BAC}.Release|Any CPU.ActiveCfg = Release|Any CPU
		{7757D184-0991-4552-B476-903F98438BAC}.Release|Any CPU.Build.0 = Release|Any CPU
	EndGlobalSection
	GlobalSection(SolutionProperties) = preSolution
		HideSolutionNode = FALSE
	EndGlobalSection
	GlobalSection(ExtensibilityGlobals) = postSolution
		SolutionGuid = {3F7EF260-92DB-4851-9446-37D0472E9A51}
	EndGlobalSection
EndGlobal
