
Microsoft Visual Studio Solution File, Format Version 12.00
# Visual Studio Version 16
VisualStudioVersion = 16.0.30011.22
MinimumVisualStudioVersion = 10.0.40219.1
Project("{9A19103F-16F7-4668-BE54-9A1E7A4F7556}") = "MiniMaxSum", "Colection\MiniMaxSum.csproj", "{6B2BFD01-F577-4CED-A9F1-E91C06AF9427}"
EndProject
Global
	GlobalSection(SolutionConfigurationPlatforms) = preSolution
		Debug|Any CPU = Debug|Any CPU
		Release|Any CPU = Release|Any CPU
	EndGlobalSection
	GlobalSection(ProjectConfigurationPlatforms) = postSolution
		{6B2BFD01-F577-4CED-A9F1-E91C06AF9427}.Debug|Any CPU.ActiveCfg = Debug|Any CPU
		{6B2BFD01-F577-4CED-A9F1-E91C06AF9427}.Debug|Any CPU.Build.0 = Debug|Any CPU
		{6B2BFD01-F577-4CED-A9F1-E91C06AF9427}.Release|Any CPU.ActiveCfg = Release|Any CPU
		{6B2BFD01-F577-4CED-A9F1-E91C06AF9427}.Release|Any CPU.Build.0 = Release|Any CPU
	EndGlobalSection
	GlobalSection(SolutionProperties) = preSolution
		HideSolutionNode = FALSE
	EndGlobalSection
	GlobalSection(ExtensibilityGlobals) = postSolution
		SolutionGuid = {8692E92E-26B2-4626-9142-AF8E1122D863}
	EndGlobalSection
EndGlobal
