
Microsoft Visual Studio Solution File, Format Version 12.00
# Visual Studio 15
VisualStudioVersion = 15.0.28307.329
MinimumVisualStudioVersion = 10.0.40219.1
Project("{FAE04EC0-301F-11D3-BF4B-00C04F79EFBC}") = "problem", "problem\problem.csproj", "{7F2345EA-D827-4C6E-8089-B6D0D750C1CD}"
EndProject
Global
	GlobalSection(SolutionConfigurationPlatforms) = preSolution
		Debug|Any CPU = Debug|Any CPU
		Release|Any CPU = Release|Any CPU
	EndGlobalSection
	GlobalSection(ProjectConfigurationPlatforms) = postSolution
		{7F2345EA-D827-4C6E-8089-B6D0D750C1CD}.Debug|Any CPU.ActiveCfg = Debug|Any CPU
		{7F2345EA-D827-4C6E-8089-B6D0D750C1CD}.Debug|Any CPU.Build.0 = Debug|Any CPU
		{7F2345EA-D827-4C6E-8089-B6D0D750C1CD}.Release|Any CPU.ActiveCfg = Release|Any CPU
		{7F2345EA-D827-4C6E-8089-B6D0D750C1CD}.Release|Any CPU.Build.0 = Release|Any CPU
	EndGlobalSection
	GlobalSection(SolutionProperties) = preSolution
		HideSolutionNode = FALSE
	EndGlobalSection
	GlobalSection(ExtensibilityGlobals) = postSolution
		SolutionGuid = {769BEF56-4738-4BB0-BD62-DA8094EEA4EB}
	EndGlobalSection
EndGlobal
