
Microsoft Visual Studio Solution File, Format Version 12.00
# Visual Studio 15
VisualStudioVersion = 15.0.28307.271
MinimumVisualStudioVersion = 10.0.40219.1
Project("{FAE04EC0-301F-11D3-BF4B-00C04F79EFBC}") = "Loops_classwork", "Loops_classwork\Loops_classwork.csproj", "{2C840FB8-FB29-4E46-B8B2-EFB358AA0DCB}"
EndProject
Global
	GlobalSection(SolutionConfigurationPlatforms) = preSolution
		Debug|Any CPU = Debug|Any CPU
		Release|Any CPU = Release|Any CPU
	EndGlobalSection
	GlobalSection(ProjectConfigurationPlatforms) = postSolution
		{2C840FB8-FB29-4E46-B8B2-EFB358AA0DCB}.Debug|Any CPU.ActiveCfg = Debug|Any CPU
		{2C840FB8-FB29-4E46-B8B2-EFB358AA0DCB}.Debug|Any CPU.Build.0 = Debug|Any CPU
		{2C840FB8-FB29-4E46-B8B2-EFB358AA0DCB}.Release|Any CPU.ActiveCfg = Release|Any CPU
		{2C840FB8-FB29-4E46-B8B2-EFB358AA0DCB}.Release|Any CPU.Build.0 = Release|Any CPU
	EndGlobalSection
	GlobalSection(SolutionProperties) = preSolution
		HideSolutionNode = FALSE
	EndGlobalSection
	GlobalSection(ExtensibilityGlobals) = postSolution
		SolutionGuid = {541BB3D5-99CD-48A1-8774-2525B9B66D0D}
	EndGlobalSection
EndGlobal
