
Microsoft Visual Studio Solution File, Format Version 12.00
# Visual Studio 15
VisualStudioVersion = 15.0.28307.421
MinimumVisualStudioVersion = 10.0.40219.1
Project("{FAE04EC0-301F-11D3-BF4B-00C04F79EFBC}") = "BBai1", "BBai1\BBai1.csproj", "{64FF04A7-E921-4C06-A074-949141700391}"
EndProject
Global
	GlobalSection(SolutionConfigurationPlatforms) = preSolution
		Debug|Any CPU = Debug|Any CPU
		Release|Any CPU = Release|Any CPU
	EndGlobalSection
	GlobalSection(ProjectConfigurationPlatforms) = postSolution
		{64FF04A7-E921-4C06-A074-949141700391}.Debug|Any CPU.ActiveCfg = Debug|Any CPU
		{64FF04A7-E921-4C06-A074-949141700391}.Debug|Any CPU.Build.0 = Debug|Any CPU
		{64FF04A7-E921-4C06-A074-949141700391}.Release|Any CPU.ActiveCfg = Release|Any CPU
		{64FF04A7-E921-4C06-A074-949141700391}.Release|Any CPU.Build.0 = Release|Any CPU
	EndGlobalSection
	GlobalSection(SolutionProperties) = preSolution
		HideSolutionNode = FALSE
	EndGlobalSection
	GlobalSection(ExtensibilityGlobals) = postSolution
		SolutionGuid = {0D249FCC-DFF0-4E65-8AD6-A877EBAEBFF7}
	EndGlobalSection
EndGlobal
