
Microsoft Visual Studio Solution File, Format Version 12.00
# Visual Studio 15
VisualStudioVersion = 15.0.28307.271
MinimumVisualStudioVersion = 10.0.40219.1
Project("{FAE04EC0-301F-11D3-BF4B-00C04F79EFBC}") = "cuchuong", "cuchuong\cuchuong.csproj", "{03751EF0-0A16-428F-8FAD-16C1B8A75BC9}"
EndProject
Global
	GlobalSection(SolutionConfigurationPlatforms) = preSolution
		Debug|Any CPU = Debug|Any CPU
		Release|Any CPU = Release|Any CPU
	EndGlobalSection
	GlobalSection(ProjectConfigurationPlatforms) = postSolution
		{03751EF0-0A16-428F-8FAD-16C1B8A75BC9}.Debug|Any CPU.ActiveCfg = Debug|Any CPU
		{03751EF0-0A16-428F-8FAD-16C1B8A75BC9}.Debug|Any CPU.Build.0 = Debug|Any CPU
		{03751EF0-0A16-428F-8FAD-16C1B8A75BC9}.Release|Any CPU.ActiveCfg = Release|Any CPU
		{03751EF0-0A16-428F-8FAD-16C1B8A75BC9}.Release|Any CPU.Build.0 = Release|Any CPU
	EndGlobalSection
	GlobalSection(SolutionProperties) = preSolution
		HideSolutionNode = FALSE
	EndGlobalSection
	GlobalSection(ExtensibilityGlobals) = postSolution
		SolutionGuid = {41D19FAB-25B5-4BC6-A85E-2A7AEF31DF92}
	EndGlobalSection
EndGlobal
