
Microsoft Visual Studio Solution File, Format Version 12.00
# Visual Studio 15
VisualStudioVersion = 15.0.28307.271
MinimumVisualStudioVersion = 10.0.40219.1
Project("{FAE04EC0-301F-11D3-BF4B-00C04F79EFBC}") = "search_SNT", "search_SNT\search_SNT.csproj", "{D994539D-8102-4179-8507-9981A1F62661}"
EndProject
Global
	GlobalSection(SolutionConfigurationPlatforms) = preSolution
		Debug|Any CPU = Debug|Any CPU
		Release|Any CPU = Release|Any CPU
	EndGlobalSection
	GlobalSection(ProjectConfigurationPlatforms) = postSolution
		{D994539D-8102-4179-8507-9981A1F62661}.Debug|Any CPU.ActiveCfg = Debug|Any CPU
		{D994539D-8102-4179-8507-9981A1F62661}.Debug|Any CPU.Build.0 = Debug|Any CPU
		{D994539D-8102-4179-8507-9981A1F62661}.Release|Any CPU.ActiveCfg = Release|Any CPU
		{D994539D-8102-4179-8507-9981A1F62661}.Release|Any CPU.Build.0 = Release|Any CPU
	EndGlobalSection
	GlobalSection(SolutionProperties) = preSolution
		HideSolutionNode = FALSE
	EndGlobalSection
	GlobalSection(ExtensibilityGlobals) = postSolution
		SolutionGuid = {4A9EAFA7-5B3F-4C0E-AA7D-3B13CAC0E104}
	EndGlobalSection
EndGlobal
