
Microsoft Visual Studio Solution File, Format Version 12.00
# Visual Studio Version 16
VisualStudioVersion = 16.0.30413.136
MinimumVisualStudioVersion = 10.0.40219.1
Project("{FAE04EC0-301F-11D3-BF4B-00C04F79EFBC}") = "SelectionSort", "SelectionSort\SelectionSort.csproj", "{BE52EC9E-F060-43D1-86D1-2933697906CB}"
EndProject
Global
	GlobalSection(SolutionConfigurationPlatforms) = preSolution
		Debug|Any CPU = Debug|Any CPU
		Release|Any CPU = Release|Any CPU
	EndGlobalSection
	GlobalSection(ProjectConfigurationPlatforms) = postSolution
		{BE52EC9E-F060-43D1-86D1-2933697906CB}.Debug|Any CPU.ActiveCfg = Debug|Any CPU
		{BE52EC9E-F060-43D1-86D1-2933697906CB}.Debug|Any CPU.Build.0 = Debug|Any CPU
		{BE52EC9E-F060-43D1-86D1-2933697906CB}.Release|Any CPU.ActiveCfg = Release|Any CPU
		{BE52EC9E-F060-43D1-86D1-2933697906CB}.Release|Any CPU.Build.0 = Release|Any CPU
	EndGlobalSection
	GlobalSection(SolutionProperties) = preSolution
		HideSolutionNode = FALSE
	EndGlobalSection
	GlobalSection(ExtensibilityGlobals) = postSolution
		SolutionGuid = {7AE73AB6-7D96-43A4-92C8-B2578E75B44B}
	EndGlobalSection
EndGlobal
