
Microsoft Visual Studio Solution File, Format Version 12.00
# Visual Studio Version 16
VisualStudioVersion = 16.0.30413.136
MinimumVisualStudioVersion = 10.0.40219.1
Project("{FAE04EC0-301F-11D3-BF4B-00C04F79EFBC}") = "InsertionSort", "InsertionSort\InsertionSort.csproj", "{2418A82C-2FDA-4B9D-9184-E32431311BEC}"
EndProject
Global
	GlobalSection(SolutionConfigurationPlatforms) = preSolution
		Debug|Any CPU = Debug|Any CPU
		Release|Any CPU = Release|Any CPU
	EndGlobalSection
	GlobalSection(ProjectConfigurationPlatforms) = postSolution
		{2418A82C-2FDA-4B9D-9184-E32431311BEC}.Debug|Any CPU.ActiveCfg = Debug|Any CPU
		{2418A82C-2FDA-4B9D-9184-E32431311BEC}.Debug|Any CPU.Build.0 = Debug|Any CPU
		{2418A82C-2FDA-4B9D-9184-E32431311BEC}.Release|Any CPU.ActiveCfg = Release|Any CPU
		{2418A82C-2FDA-4B9D-9184-E32431311BEC}.Release|Any CPU.Build.0 = Release|Any CPU
	EndGlobalSection
	GlobalSection(SolutionProperties) = preSolution
		HideSolutionNode = FALSE
	EndGlobalSection
	GlobalSection(ExtensibilityGlobals) = postSolution
		SolutionGuid = {9DBD2978-C8C4-4183-B93B-2FC83B0D953A}
	EndGlobalSection
EndGlobal
