
Microsoft Visual Studio Solution File, Format Version 12.00
# Visual Studio 15
VisualStudioVersion = 15.0.28307.329
MinimumVisualStudioVersion = 10.0.40219.1
Project("{FAE04EC0-301F-11D3-BF4B-00C04F79EFBC}") = "HatMagic", "HatMagic\HatMagic.csproj", "{08D36CB5-2507-4A92-96EB-C63279603D2E}"
EndProject
Global
	GlobalSection(SolutionConfigurationPlatforms) = preSolution
		Debug|Any CPU = Debug|Any CPU
		Release|Any CPU = Release|Any CPU
	EndGlobalSection
	GlobalSection(ProjectConfigurationPlatforms) = postSolution
		{08D36CB5-2507-4A92-96EB-C63279603D2E}.Debug|Any CPU.ActiveCfg = Debug|Any CPU
		{08D36CB5-2507-4A92-96EB-C63279603D2E}.Debug|Any CPU.Build.0 = Debug|Any CPU
		{08D36CB5-2507-4A92-96EB-C63279603D2E}.Release|Any CPU.ActiveCfg = Release|Any CPU
		{08D36CB5-2507-4A92-96EB-C63279603D2E}.Release|Any CPU.Build.0 = Release|Any CPU
	EndGlobalSection
	GlobalSection(SolutionProperties) = preSolution
		HideSolutionNode = FALSE
	EndGlobalSection
	GlobalSection(ExtensibilityGlobals) = postSolution
		SolutionGuid = {95F1772B-A490-41F6-99F3-19FC484D019F}
	EndGlobalSection
EndGlobal
