
Microsoft Visual Studio Solution File, Format Version 12.00
# Visual Studio 15
VisualStudioVersion = 15.0.28307.329
MinimumVisualStudioVersion = 10.0.40219.1
Project("{FAE04EC0-301F-11D3-BF4B-00C04F79EFBC}") = "arr12", "arr12\arr12.csproj", "{0F5778A0-C0CA-465C-8F42-2542AFDD4427}"
EndProject
Global
	GlobalSection(SolutionConfigurationPlatforms) = preSolution
		Debug|Any CPU = Debug|Any CPU
		Release|Any CPU = Release|Any CPU
	EndGlobalSection
	GlobalSection(ProjectConfigurationPlatforms) = postSolution
		{0F5778A0-C0CA-465C-8F42-2542AFDD4427}.Debug|Any CPU.ActiveCfg = Debug|Any CPU
		{0F5778A0-C0CA-465C-8F42-2542AFDD4427}.Debug|Any CPU.Build.0 = Debug|Any CPU
		{0F5778A0-C0CA-465C-8F42-2542AFDD4427}.Release|Any CPU.ActiveCfg = Release|Any CPU
		{0F5778A0-C0CA-465C-8F42-2542AFDD4427}.Release|Any CPU.Build.0 = Release|Any CPU
	EndGlobalSection
	GlobalSection(SolutionProperties) = preSolution
		HideSolutionNode = FALSE
	EndGlobalSection
	GlobalSection(ExtensibilityGlobals) = postSolution
		SolutionGuid = {50A55228-198D-48FD-B89E-2A2AC7FE4540}
	EndGlobalSection
EndGlobal
